
Microsoft Visual Studio Solution File, Format Version 12.00
# Visual Studio 2013
VisualStudioVersion = 12.0.31101.0
MinimumVisualStudioVersion = 10.0.40219.1
Project("{FAE04EC0-301F-11D3-BF4B-00C04F79EFBC}") = "indss_matching_service", "indss_matching_service\MatchingService\indss_matching_service.csproj", "{ED5B95B8-BE7C-451D-A213-B7A4CB02AFEE}"
EndProject
Project("{FAE04EC0-301F-11D3-BF4B-00C04F79EFBC}") = "IntegrationTests", "IntegrationTests\IntegrationTests.csproj", "{7313095A-B39F-4DC8-BBEE-455865E4BAAD}"
EndProject
Project("{FAE04EC0-301F-11D3-BF4B-00C04F79EFBC}") = "MatchingClient", "MatchingClient\MatchingClient.csproj", "{66B0A468-51CC-4C41-84F5-403C413BC830}"
EndProject
Project("{FAE04EC0-301F-11D3-BF4B-00C04F79EFBC}") = "IMPlugin", "IMPlugin\IMPlugin\IMPlugin.csproj", "{7F933B64-AE26-45B5-85E1-00A396F54535}"
EndProject
Project("{FAE04EC0-301F-11D3-BF4B-00C04F79EFBC}") = "PluginManager", "IMPlugin\PluginManager\PluginManager.csproj", "{83116548-8573-4B7D-9F96-4A670E15D825}"
EndProject
Project("{2150E333-8FDC-42A3-9474-1A3956D46DE8}") = ".nuget", ".nuget", "{2E9A75A8-D06B-4A06-BBF6-46A379B60C57}"
	ProjectSection(SolutionItems) = preProject
		.nuget\NuGet.Config = .nuget\NuGet.Config
		.nuget\NuGet.exe = .nuget\NuGet.exe
		.nuget\NuGet.targets = .nuget\NuGet.targets
	EndProjectSection
EndProject
Global
	GlobalSection(SolutionConfigurationPlatforms) = preSolution
		Debug|Any CPU = Debug|Any CPU
		Debug|Mixed Platforms = Debug|Mixed Platforms
		Debug|x64 = Debug|x64
		Debug|x86 = Debug|x86
		Release x64|Any CPU = Release x64|Any CPU
		Release x64|Mixed Platforms = Release x64|Mixed Platforms
		Release x64|x64 = Release x64|x64
		Release x64|x86 = Release x64|x86
		Release|Any CPU = Release|Any CPU
		Release|Mixed Platforms = Release|Mixed Platforms
		Release|x64 = Release|x64
		Release|x86 = Release|x86
		ReleaseSetup|Any CPU = ReleaseSetup|Any CPU
		ReleaseSetup|Mixed Platforms = ReleaseSetup|Mixed Platforms
		ReleaseSetup|x64 = ReleaseSetup|x64
		ReleaseSetup|x86 = ReleaseSetup|x86
		Test|Any CPU = Test|Any CPU
		Test|Mixed Platforms = Test|Mixed Platforms
		Test|x64 = Test|x64
		Test|x86 = Test|x86
	EndGlobalSection
	GlobalSection(ProjectConfigurationPlatforms) = postSolution
		{ED5B95B8-BE7C-451D-A213-B7A4CB02AFEE}.Debug|Any CPU.ActiveCfg = Debug|Any CPU
		{ED5B95B8-BE7C-451D-A213-B7A4CB02AFEE}.Debug|Any CPU.Build.0 = Debug|Any CPU
		{ED5B95B8-BE7C-451D-A213-B7A4CB02AFEE}.Debug|Mixed Platforms.ActiveCfg = Debug|x86
		{ED5B95B8-BE7C-451D-A213-B7A4CB02AFEE}.Debug|Mixed Platforms.Build.0 = Debug|x86
		{ED5B95B8-BE7C-451D-A213-B7A4CB02AFEE}.Debug|x64.ActiveCfg = Debug|x64
		{ED5B95B8-BE7C-451D-A213-B7A4CB02AFEE}.Debug|x64.Build.0 = Debug|x64
		{ED5B95B8-BE7C-451D-A213-B7A4CB02AFEE}.Debug|x86.ActiveCfg = Debug|x86
		{ED5B95B8-BE7C-451D-A213-B7A4CB02AFEE}.Debug|x86.Build.0 = Debug|x86
		{ED5B95B8-BE7C-451D-A213-B7A4CB02AFEE}.Release x64|Any CPU.ActiveCfg = Release|Any CPU
		{ED5B95B8-BE7C-451D-A213-B7A4CB02AFEE}.Release x64|Any CPU.Build.0 = Release|Any CPU
		{ED5B95B8-BE7C-451D-A213-B7A4CB02AFEE}.Release x64|Mixed Platforms.ActiveCfg = Release|x86
		{ED5B95B8-BE7C-451D-A213-B7A4CB02AFEE}.Release x64|Mixed Platforms.Build.0 = Release|x86
		{ED5B95B8-BE7C-451D-A213-B7A4CB02AFEE}.Release x64|x64.ActiveCfg = Release|Any CPU
		{ED5B95B8-BE7C-451D-A213-B7A4CB02AFEE}.Release x64|x86.ActiveCfg = Release|Any CPU
		{ED5B95B8-BE7C-451D-A213-B7A4CB02AFEE}.Release|Any CPU.ActiveCfg = Release|Any CPU
		{ED5B95B8-BE7C-451D-A213-B7A4CB02AFEE}.Release|Any CPU.Build.0 = Release|Any CPU
		{ED5B95B8-BE7C-451D-A213-B7A4CB02AFEE}.Release|Mixed Platforms.ActiveCfg = Release|x86
		{ED5B95B8-BE7C-451D-A213-B7A4CB02AFEE}.Release|Mixed Platforms.Build.0 = Release|x86
		{ED5B95B8-BE7C-451D-A213-B7A4CB02AFEE}.Release|x64.ActiveCfg = Release|Any CPU
		{ED5B95B8-BE7C-451D-A213-B7A4CB02AFEE}.Release|x86.ActiveCfg = Release|Any CPU
		{ED5B95B8-BE7C-451D-A213-B7A4CB02AFEE}.Release|x86.Build.0 = Release|Any CPU
		{ED5B95B8-BE7C-451D-A213-B7A4CB02AFEE}.ReleaseSetup|Any CPU.ActiveCfg = Release|Any CPU
		{ED5B95B8-BE7C-451D-A213-B7A4CB02AFEE}.ReleaseSetup|Any CPU.Build.0 = Release|Any CPU
		{ED5B95B8-BE7C-451D-A213-B7A4CB02AFEE}.ReleaseSetup|Mixed Platforms.ActiveCfg = Release|x86
		{ED5B95B8-BE7C-451D-A213-B7A4CB02AFEE}.ReleaseSetup|Mixed Platforms.Build.0 = Release|x86
		{ED5B95B8-BE7C-451D-A213-B7A4CB02AFEE}.ReleaseSetup|x64.ActiveCfg = Release|Any CPU
		{ED5B95B8-BE7C-451D-A213-B7A4CB02AFEE}.ReleaseSetup|x86.ActiveCfg = Release|Any CPU
		{ED5B95B8-BE7C-451D-A213-B7A4CB02AFEE}.Test|Any CPU.ActiveCfg = Release|Any CPU
		{ED5B95B8-BE7C-451D-A213-B7A4CB02AFEE}.Test|Any CPU.Build.0 = Release|Any CPU
		{ED5B95B8-BE7C-451D-A213-B7A4CB02AFEE}.Test|Mixed Platforms.ActiveCfg = Release|x86
		{ED5B95B8-BE7C-451D-A213-B7A4CB02AFEE}.Test|Mixed Platforms.Build.0 = Release|x86
		{ED5B95B8-BE7C-451D-A213-B7A4CB02AFEE}.Test|x64.ActiveCfg = Release|Any CPU
		{ED5B95B8-BE7C-451D-A213-B7A4CB02AFEE}.Test|x86.ActiveCfg = Release|Any CPU
		{7313095A-B39F-4DC8-BBEE-455865E4BAAD}.Debug|Any CPU.ActiveCfg = Debug|Any CPU
		{7313095A-B39F-4DC8-BBEE-455865E4BAAD}.Debug|Any CPU.Build.0 = Debug|Any CPU
		{7313095A-B39F-4DC8-BBEE-455865E4BAAD}.Debug|Mixed Platforms.ActiveCfg = Debug|Any CPU
		{7313095A-B39F-4DC8-BBEE-455865E4BAAD}.Debug|Mixed Platforms.Build.0 = Debug|Any CPU
		{7313095A-B39F-4DC8-BBEE-455865E4BAAD}.Debug|x64.ActiveCfg = Debug|Any CPU
		{7313095A-B39F-4DC8-BBEE-455865E4BAAD}.Debug|x64.Build.0 = Debug|Any CPU
		{7313095A-B39F-4DC8-BBEE-455865E4BAAD}.Debug|x86.ActiveCfg = Debug|Any CPU
		{7313095A-B39F-4DC8-BBEE-455865E4BAAD}.Debug|x86.Build.0 = Debug|Any CPU
		{7313095A-B39F-4DC8-BBEE-455865E4BAAD}.Release x64|Any CPU.ActiveCfg = Release|Any CPU
		{7313095A-B39F-4DC8-BBEE-455865E4BAAD}.Release x64|Any CPU.Build.0 = Release|Any CPU
		{7313095A-B39F-4DC8-BBEE-455865E4BAAD}.Release x64|Mixed Platforms.ActiveCfg = Release|Any CPU
		{7313095A-B39F-4DC8-BBEE-455865E4BAAD}.Release x64|Mixed Platforms.Build.0 = Release|Any CPU
		{7313095A-B39F-4DC8-BBEE-455865E4BAAD}.Release x64|x64.ActiveCfg = Release|Any CPU
		{7313095A-B39F-4DC8-BBEE-455865E4BAAD}.Release x64|x86.ActiveCfg = Release|Any CPU
		{7313095A-B39F-4DC8-BBEE-455865E4BAAD}.Release|Any CPU.ActiveCfg = Release|Any CPU
		{7313095A-B39F-4DC8-BBEE-455865E4BAAD}.Release|Any CPU.Build.0 = Release|Any CPU
		{7313095A-B39F-4DC8-BBEE-455865E4BAAD}.Release|Mixed Platforms.ActiveCfg = Release|Any CPU
		{7313095A-B39F-4DC8-BBEE-455865E4BAAD}.Release|Mixed Platforms.Build.0 = Release|Any CPU
		{7313095A-B39F-4DC8-BBEE-455865E4BAAD}.Release|x64.ActiveCfg = Release|Any CPU
		{7313095A-B39F-4DC8-BBEE-455865E4BAAD}.Release|x86.ActiveCfg = Release|Any CPU
		{7313095A-B39F-4DC8-BBEE-455865E4BAAD}.Release|x86.Build.0 = Release|Any CPU
		{7313095A-B39F-4DC8-BBEE-455865E4BAAD}.ReleaseSetup|Any CPU.ActiveCfg = Release|Any CPU
		{7313095A-B39F-4DC8-BBEE-455865E4BAAD}.ReleaseSetup|Any CPU.Build.0 = Release|Any CPU
		{7313095A-B39F-4DC8-BBEE-455865E4BAAD}.ReleaseSetup|Mixed Platforms.ActiveCfg = Release|Any CPU
		{7313095A-B39F-4DC8-BBEE-455865E4BAAD}.ReleaseSetup|Mixed Platforms.Build.0 = Release|Any CPU
		{7313095A-B39F-4DC8-BBEE-455865E4BAAD}.ReleaseSetup|x64.ActiveCfg = Release|Any CPU
		{7313095A-B39F-4DC8-BBEE-455865E4BAAD}.ReleaseSetup|x86.ActiveCfg = Release|Any CPU
		{7313095A-B39F-4DC8-BBEE-455865E4BAAD}.Test|Any CPU.ActiveCfg = Release|Any CPU
		{7313095A-B39F-4DC8-BBEE-455865E4BAAD}.Test|Any CPU.Build.0 = Release|Any CPU
		{7313095A-B39F-4DC8-BBEE-455865E4BAAD}.Test|Mixed Platforms.ActiveCfg = Release|Any CPU
		{7313095A-B39F-4DC8-BBEE-455865E4BAAD}.Test|Mixed Platforms.Build.0 = Release|Any CPU
		{7313095A-B39F-4DC8-BBEE-455865E4BAAD}.Test|x64.ActiveCfg = Release|Any CPU
		{7313095A-B39F-4DC8-BBEE-455865E4BAAD}.Test|x86.ActiveCfg = Release|Any CPU
		{66B0A468-51CC-4C41-84F5-403C413BC830}.Debug|Any CPU.ActiveCfg = Debug|Any CPU
		{66B0A468-51CC-4C41-84F5-403C413BC830}.Debug|Any CPU.Build.0 = Debug|Any CPU
		{66B0A468-51CC-4C41-84F5-403C413BC830}.Debug|Mixed Platforms.ActiveCfg = Debug|Any CPU
		{66B0A468-51CC-4C41-84F5-403C413BC830}.Debug|Mixed Platforms.Build.0 = Debug|Any CPU
		{66B0A468-51CC-4C41-84F5-403C413BC830}.Debug|x64.ActiveCfg = Debug|Any CPU
		{66B0A468-51CC-4C41-84F5-403C413BC830}.Debug|x64.Build.0 = Debug|Any CPU
		{66B0A468-51CC-4C41-84F5-403C413BC830}.Debug|x86.ActiveCfg = Debug|Any CPU
		{66B0A468-51CC-4C41-84F5-403C413BC830}.Debug|x86.Build.0 = Debug|Any CPU
		{66B0A468-51CC-4C41-84F5-403C413BC830}.Release x64|Any CPU.ActiveCfg = Release|Any CPU
		{66B0A468-51CC-4C41-84F5-403C413BC830}.Release x64|Any CPU.Build.0 = Release|Any CPU
		{66B0A468-51CC-4C41-84F5-403C413BC830}.Release x64|Mixed Platforms.ActiveCfg = Release|Any CPU
		{66B0A468-51CC-4C41-84F5-403C413BC830}.Release x64|Mixed Platforms.Build.0 = Release|Any CPU
		{66B0A468-51CC-4C41-84F5-403C413BC830}.Release x64|x64.ActiveCfg = Release|Any CPU
		{66B0A468-51CC-4C41-84F5-403C413BC830}.Release x64|x86.ActiveCfg = Release|Any CPU
		{66B0A468-51CC-4C41-84F5-403C413BC830}.Release|Any CPU.ActiveCfg = Release|Any CPU
		{66B0A468-51CC-4C41-84F5-403C413BC830}.Release|Any CPU.Build.0 = Release|Any CPU
		{66B0A468-51CC-4C41-84F5-403C413BC830}.Release|Mixed Platforms.ActiveCfg = Release|Any CPU
		{66B0A468-51CC-4C41-84F5-403C413BC830}.Release|Mixed Platforms.Build.0 = Release|Any CPU
		{66B0A468-51CC-4C41-84F5-403C413BC830}.Release|x64.ActiveCfg = Release|Any CPU
		{66B0A468-51CC-4C41-84F5-403C413BC830}.Release|x86.ActiveCfg = Release|Any CPU
		{66B0A468-51CC-4C41-84F5-403C413BC830}.Release|x86.Build.0 = Release|Any CPU
		{66B0A468-51CC-4C41-84F5-403C413BC830}.ReleaseSetup|Any CPU.ActiveCfg = Release|Any CPU
		{66B0A468-51CC-4C41-84F5-403C413BC830}.ReleaseSetup|Any CPU.Build.0 = Release|Any CPU
		{66B0A468-51CC-4C41-84F5-403C413BC830}.ReleaseSetup|Mixed Platforms.ActiveCfg = Release|Any CPU
		{66B0A468-51CC-4C41-84F5-403C413BC830}.ReleaseSetup|Mixed Platforms.Build.0 = Release|Any CPU
		{66B0A468-51CC-4C41-84F5-403C413BC830}.ReleaseSetup|x64.ActiveCfg = Release|Any CPU
		{66B0A468-51CC-4C41-84F5-403C413BC830}.ReleaseSetup|x86.ActiveCfg = Release|Any CPU
		{66B0A468-51CC-4C41-84F5-403C413BC830}.Test|Any CPU.ActiveCfg = Release|Any CPU
		{66B0A468-51CC-4C41-84F5-403C413BC830}.Test|Any CPU.Build.0 = Release|Any CPU
		{66B0A468-51CC-4C41-84F5-403C413BC830}.Test|Mixed Platforms.ActiveCfg = Release|Any CPU
		{66B0A468-51CC-4C41-84F5-403C413BC830}.Test|Mixed Platforms.Build.0 = Release|Any CPU
		{66B0A468-51CC-4C41-84F5-403C413BC830}.Test|x64.ActiveCfg = Release|Any CPU
		{66B0A468-51CC-4C41-84F5-403C413BC830}.Test|x86.ActiveCfg = Release|Any CPU
		{7F933B64-AE26-45B5-85E1-00A396F54535}.Debug|Any CPU.ActiveCfg = Debug|x86
		{7F933B64-AE26-45B5-85E1-00A396F54535}.Debug|Mixed Platforms.ActiveCfg = Debug|x86
		{7F933B64-AE26-45B5-85E1-00A396F54535}.Debug|Mixed Platforms.Build.0 = Debug|x86
		{7F933B64-AE26-45B5-85E1-00A396F54535}.Debug|x64.ActiveCfg = Debug|x64
		{7F933B64-AE26-45B5-85E1-00A396F54535}.Debug|x64.Build.0 = Debug|x64
		{7F933B64-AE26-45B5-85E1-00A396F54535}.Debug|x86.ActiveCfg = Debug|x86
		{7F933B64-AE26-45B5-85E1-00A396F54535}.Debug|x86.Build.0 = Debug|x86
		{7F933B64-AE26-45B5-85E1-00A396F54535}.Release x64|Any CPU.ActiveCfg = ReleaseObfuscate|x86
		{7F933B64-AE26-45B5-85E1-00A396F54535}.Release x64|Mixed Platforms.ActiveCfg = Release|x86
		{7F933B64-AE26-45B5-85E1-00A396F54535}.Release x64|Mixed Platforms.Build.0 = Release|x86
		{7F933B64-AE26-45B5-85E1-00A396F54535}.Release x64|x64.ActiveCfg = ReleaseObfuscate|x64
		{7F933B64-AE26-45B5-85E1-00A396F54535}.Release x64|x64.Build.0 = ReleaseObfuscate|x64
		{7F933B64-AE26-45B5-85E1-00A396F54535}.Release x64|x86.ActiveCfg = ReleaseObfuscate|x86
		{7F933B64-AE26-45B5-85E1-00A396F54535}.Release x64|x86.Build.0 = ReleaseObfuscate|x86
		{7F933B64-AE26-45B5-85E1-00A396F54535}.Release|Any CPU.ActiveCfg = Release|x86
		{7F933B64-AE26-45B5-85E1-00A396F54535}.Release|Mixed Platforms.ActiveCfg = Release|x86
		{7F933B64-AE26-45B5-85E1-00A396F54535}.Release|Mixed Platforms.Build.0 = Release|x86
		{7F933B64-AE26-45B5-85E1-00A396F54535}.Release|x64.ActiveCfg = Release|x64
		{7F933B64-AE26-45B5-85E1-00A396F54535}.Release|x64.Build.0 = Release|x64
		{7F933B64-AE26-45B5-85E1-00A396F54535}.Release|x86.ActiveCfg = Release|x86
		{7F933B64-AE26-45B5-85E1-00A396F54535}.Release|x86.Build.0 = Release|x86
		{7F933B64-AE26-45B5-85E1-00A396F54535}.ReleaseSetup|Any CPU.ActiveCfg = ReleaseObfuscate|x86
		{7F933B64-AE26-45B5-85E1-00A396F54535}.ReleaseSetup|Mixed Platforms.ActiveCfg = ReleaseObfuscate|x86
		{7F933B64-AE26-45B5-85E1-00A396F54535}.ReleaseSetup|Mixed Platforms.Build.0 = ReleaseObfuscate|x86
		{7F933B64-AE26-45B5-85E1-00A396F54535}.ReleaseSetup|x64.ActiveCfg = ReleaseObfuscate|x64
		{7F933B64-AE26-45B5-85E1-00A396F54535}.ReleaseSetup|x64.Build.0 = ReleaseObfuscate|x64
		{7F933B64-AE26-45B5-85E1-00A396F54535}.ReleaseSetup|x86.ActiveCfg = ReleaseObfuscate|x86
		{7F933B64-AE26-45B5-85E1-00A396F54535}.ReleaseSetup|x86.Build.0 = ReleaseObfuscate|x86
		{7F933B64-AE26-45B5-85E1-00A396F54535}.Test|Any CPU.ActiveCfg = ReleaseObfuscate|x86
		{7F933B64-AE26-45B5-85E1-00A396F54535}.Test|Mixed Platforms.ActiveCfg = ReleaseObfuscate|x86
		{7F933B64-AE26-45B5-85E1-00A396F54535}.Test|Mixed Platforms.Build.0 = ReleaseObfuscate|x86
		{7F933B64-AE26-45B5-85E1-00A396F54535}.Test|x64.ActiveCfg = ReleaseObfuscate|x64
		{7F933B64-AE26-45B5-85E1-00A396F54535}.Test|x64.Build.0 = ReleaseObfuscate|x64
		{7F933B64-AE26-45B5-85E1-00A396F54535}.Test|x86.ActiveCfg = ReleaseObfuscate|x86
		{7F933B64-AE26-45B5-85E1-00A396F54535}.Test|x86.Build.0 = ReleaseObfuscate|x86
		{83116548-8573-4B7D-9F96-4A670E15D825}.Debug|Any CPU.ActiveCfg = Debug|x86
		{83116548-8573-4B7D-9F96-4A670E15D825}.Debug|Mixed Platforms.ActiveCfg = Debug|x86
		{83116548-8573-4B7D-9F96-4A670E15D825}.Debug|Mixed Platforms.Build.0 = Debug|x86
		{83116548-8573-4B7D-9F96-4A670E15D825}.Debug|x64.ActiveCfg = Debug|x64
		{83116548-8573-4B7D-9F96-4A670E15D825}.Debug|x64.Build.0 = Debug|x64
		{83116548-8573-4B7D-9F96-4A670E15D825}.Debug|x86.ActiveCfg = Debug|x86
		{83116548-8573-4B7D-9F96-4A670E15D825}.Debug|x86.Build.0 = Debug|x86
		{83116548-8573-4B7D-9F96-4A670E15D825}.Release x64|Any CPU.ActiveCfg = ReleaseObfuscate|x86
		{83116548-8573-4B7D-9F96-4A670E15D825}.Release x64|Mixed Platforms.ActiveCfg = Release|x86
		{83116548-8573-4B7D-9F96-4A670E15D825}.Release x64|Mixed Platforms.Build.0 = Release|x86
		{83116548-8573-4B7D-9F96-4A670E15D825}.Release x64|x64.ActiveCfg = ReleaseObfuscate|x64
		{83116548-8573-4B7D-9F96-4A670E15D825}.Release x64|x64.Build.0 = ReleaseObfuscate|x64
		{83116548-8573-4B7D-9F96-4A670E15D825}.Release x64|x86.ActiveCfg = ReleaseObfuscate|x86
		{83116548-8573-4B7D-9F96-4A670E15D825}.Release x64|x86.Build.0 = ReleaseObfuscate|x86
		{83116548-8573-4B7D-9F96-4A670E15D825}.Release|Any CPU.ActiveCfg = Release|x86
		{83116548-8573-4B7D-9F96-4A670E15D825}.Release|Mixed Platforms.ActiveCfg = Release|x86
		{83116548-8573-4B7D-9F96-4A670E15D825}.Release|Mixed Platforms.Build.0 = Release|x86
		{83116548-8573-4B7D-9F96-4A670E15D825}.Release|x64.ActiveCfg = Release|x64
		{83116548-8573-4B7D-9F96-4A670E15D825}.Release|x64.Build.0 = Release|x64
		{83116548-8573-4B7D-9F96-4A670E15D825}.Release|x86.ActiveCfg = Release|x86
		{83116548-8573-4B7D-9F96-4A670E15D825}.Release|x86.Build.0 = Release|x86
		{83116548-8573-4B7D-9F96-4A670E15D825}.ReleaseSetup|Any CPU.ActiveCfg = ReleaseObfuscate|x86
		{83116548-8573-4B7D-9F96-4A670E15D825}.ReleaseSetup|Mixed Platforms.ActiveCfg = ReleaseObfuscate|x86
		{83116548-8573-4B7D-9F96-4A670E15D825}.ReleaseSetup|Mixed Platforms.Build.0 = ReleaseObfuscate|x86
		{83116548-8573-4B7D-9F96-4A670E15D825}.ReleaseSetup|x64.ActiveCfg = ReleaseObfuscate|x64
		{83116548-8573-4B7D-9F96-4A670E15D825}.ReleaseSetup|x64.Build.0 = ReleaseObfuscate|x64
		{83116548-8573-4B7D-9F96-4A670E15D825}.ReleaseSetup|x86.ActiveCfg = ReleaseObfuscate|x86
		{83116548-8573-4B7D-9F96-4A670E15D825}.ReleaseSetup|x86.Build.0 = ReleaseObfuscate|x86
		{83116548-8573-4B7D-9F96-4A670E15D825}.Test|Any CPU.ActiveCfg = ReleaseObfuscate|x86
		{83116548-8573-4B7D-9F96-4A670E15D825}.Test|Mixed Platforms.ActiveCfg = ReleaseObfuscate|x86
		{83116548-8573-4B7D-9F96-4A670E15D825}.Test|Mixed Platforms.Build.0 = ReleaseObfuscate|x86
		{83116548-8573-4B7D-9F96-4A670E15D825}.Test|x64.ActiveCfg = ReleaseObfuscate|x64
		{83116548-8573-4B7D-9F96-4A670E15D825}.Test|x64.Build.0 = ReleaseObfuscate|x64
		{83116548-8573-4B7D-9F96-4A670E15D825}.Test|x86.ActiveCfg = ReleaseObfuscate|x86
		{83116548-8573-4B7D-9F96-4A670E15D825}.Test|x86.Build.0 = ReleaseObfuscate|x86
	EndGlobalSection
	GlobalSection(SolutionProperties) = preSolution
		HideSolutionNode = FALSE
	EndGlobalSection
EndGlobal
